// !$*UTF8*$!
{
	archiveVersion = 1;
	classes = {
	};
	objectVersion = 51;
	objects = {

/* Begin PBXBuildFile section */
		4E2C96D792013D1259B8D8D4 /* Pods_RealmIOS.framework in Frameworks */ = {isa = PBXBuildFile; fileRef = E842870F9E68354E23069411 /* Pods_RealmIOS.framework */; };
		9720A1FE23F08D2700D116A2 /* AppDelegate.swift in Sources */ = {isa = PBXBuildFile; fileRef = 9720A1FD23F08D2700D116A2 /* AppDelegate.swift */; };
		9720A20023F08D2700D116A2 /* SceneDelegate.swift in Sources */ = {isa = PBXBuildFile; fileRef = 9720A1FF23F08D2700D116A2 /* SceneDelegate.swift */; };
		9720A20523F08D2700D116A2 /* Main.storyboard in Resources */ = {isa = PBXBuildFile; fileRef = 9720A20323F08D2700D116A2 /* Main.storyboard */; };
		9720A20723F08D2700D116A2 /* Assets.xcassets in Resources */ = {isa = PBXBuildFile; fileRef = 9720A20623F08D2700D116A2 /* Assets.xcassets */; };
		9720A20A23F08D2700D116A2 /* LaunchScreen.storyboard in Resources */ = {isa = PBXBuildFile; fileRef = 9720A20823F08D2700D116A2 /* LaunchScreen.storyboard */; };
		9720A21223F08EAC00D116A2 /* SelectViewController.swift in Sources */ = {isa = PBXBuildFile; fileRef = 9720A21123F08EAC00D116A2 /* SelectViewController.swift */; };
		9720A21423F08EBB00D116A2 /* SelectViewController+Extension.swift in Sources */ = {isa = PBXBuildFile; fileRef = 9720A21323F08EBB00D116A2 /* SelectViewController+Extension.swift */; };
		9720A21F23F08F3D00D116A2 /* AddUserViewController.swift in Sources */ = {isa = PBXBuildFile; fileRef = 9720A21E23F08F3D00D116A2 /* AddUserViewController.swift */; };
		9720A22123F08F4A00D116A2 /* AddUserViewController+Extension.swift in Sources */ = {isa = PBXBuildFile; fileRef = 9720A22023F08F4A00D116A2 /* AddUserViewController+Extension.swift */; };
		9720A22423F08F6100D116A2 /* UserListViewController.swift in Sources */ = {isa = PBXBuildFile; fileRef = 9720A22323F08F6100D116A2 /* UserListViewController.swift */; };
		9720A22623F08F6E00D116A2 /* UserListViewController+TableView.swift in Sources */ = {isa = PBXBuildFile; fileRef = 9720A22523F08F6E00D116A2 /* UserListViewController+TableView.swift */; };
		9720A22823F08F7A00D116A2 /* UserListViewController+Extension.swift in Sources */ = {isa = PBXBuildFile; fileRef = 9720A22723F08F7A00D116A2 /* UserListViewController+Extension.swift */; };
		9720A23323F0901600D116A2 /* UserInfoTableViewCell.swift in Sources */ = {isa = PBXBuildFile; fileRef = 9720A23123F0901600D116A2 /* UserInfoTableViewCell.swift */; };
		9720A23423F0901600D116A2 /* UserInfoTableViewCell.xib in Resources */ = {isa = PBXBuildFile; fileRef = 9720A23223F0901600D116A2 /* UserInfoTableViewCell.xib */; };
		9720A23723F0907D00D116A2 /* RealmModel.swift in Sources */ = {isa = PBXBuildFile; fileRef = 9720A23623F0907D00D116A2 /* RealmModel.swift */; };
		9720A23923F0908600D116A2 /* RealmService.swift in Sources */ = {isa = PBXBuildFile; fileRef = 9720A23823F0908600D116A2 /* RealmService.swift */; };
		9720A23B23F0909200D116A2 /* DefaultsUserList.swift in Sources */ = {isa = PBXBuildFile; fileRef = 9720A23A23F0909200D116A2 /* DefaultsUserList.swift */; };
		97E535F223F0A3F20079CBD1 /* Class+Extension.swift in Sources */ = {isa = PBXBuildFile; fileRef = 97E535F123F0A3F20079CBD1 /* Class+Extension.swift */; };
/* End PBXBuildFile section */

/* Begin PBXFileReference section */
		2A4447625BE3EE4802AC2CB5 /* Pods-RealmIOS.debug.xcconfig */ = {isa = PBXFileReference; includeInIndex = 1; lastKnownFileType = text.xcconfig; name = "Pods-RealmIOS.debug.xcconfig"; path = "Target Support Files/Pods-RealmIOS/Pods-RealmIOS.debug.xcconfig"; sourceTree = "<group>"; };
		69A826B13868F6EDBCF24738 /* Pods-RealmIOS.release.xcconfig */ = {isa = PBXFileReference; includeInIndex = 1; lastKnownFileType = text.xcconfig; name = "Pods-RealmIOS.release.xcconfig"; path = "Target Support Files/Pods-RealmIOS/Pods-RealmIOS.release.xcconfig"; sourceTree = "<group>"; };
		9720A1FA23F08D2700D116A2 /* RealmIOS.app */ = {isa = PBXFileReference; explicitFileType = wrapper.application; includeInIndex = 0; path = RealmIOS.app; sourceTree = BUILT_PRODUCTS_DIR; };
		9720A1FD23F08D2700D116A2 /* AppDelegate.swift */ = {isa = PBXFileReference; lastKnownFileType = sourcecode.swift; path = AppDelegate.swift; sourceTree = "<group>"; };
		9720A1FF23F08D2700D116A2 /* SceneDelegate.swift */ = {isa = PBXFileReference; lastKnownFileType = sourcecode.swift; path = SceneDelegate.swift; sourceTree = "<group>"; };
		9720A20423F08D2700D116A2 /* Base */ = {isa = PBXFileReference; lastKnownFileType = file.storyboard; name = Base; path = Base.lproj/Main.storyboard; sourceTree = "<group>"; };
		9720A20623F08D2700D116A2 /* Assets.xcassets */ = {isa = PBXFileReference; lastKnownFileType = folder.assetcatalog; path = Assets.xcassets; sourceTree = "<group>"; };
		9720A20923F08D2700D116A2 /* Base */ = {isa = PBXFileReference; lastKnownFileType = file.storyboard; name = Base; path = Base.lproj/LaunchScreen.storyboard; sourceTree = "<group>"; };
		9720A20B23F08D2700D116A2 /* Info.plist */ = {isa = PBXFileReference; lastKnownFileType = text.plist.xml; path = Info.plist; sourceTree = "<group>"; };
		9720A21123F08EAC00D116A2 /* SelectViewController.swift */ = {isa = PBXFileReference; lastKnownFileType = sourcecode.swift; path = SelectViewController.swift; sourceTree = "<group>"; };
		9720A21323F08EBB00D116A2 /* SelectViewController+Extension.swift */ = {isa = PBXFileReference; lastKnownFileType = sourcecode.swift; path = "SelectViewController+Extension.swift"; sourceTree = "<group>"; };
		9720A21E23F08F3D00D116A2 /* AddUserViewController.swift */ = {isa = PBXFileReference; lastKnownFileType = sourcecode.swift; path = AddUserViewController.swift; sourceTree = "<group>"; };
		9720A22023F08F4A00D116A2 /* AddUserViewController+Extension.swift */ = {isa = PBXFileReference; lastKnownFileType = sourcecode.swift; path = "AddUserViewController+Extension.swift"; sourceTree = "<group>"; };
		9720A22323F08F6100D116A2 /* UserListViewController.swift */ = {isa = PBXFileReference; lastKnownFileType = sourcecode.swift; path = UserListViewController.swift; sourceTree = "<group>"; };
		9720A22523F08F6E00D116A2 /* UserListViewController+TableView.swift */ = {isa = PBXFileReference; lastKnownFileType = sourcecode.swift; path = "UserListViewController+TableView.swift"; sourceTree = "<group>"; };
		9720A22723F08F7A00D116A2 /* UserListViewController+Extension.swift */ = {isa = PBXFileReference; lastKnownFileType = sourcecode.swift; path = "UserListViewController+Extension.swift"; sourceTree = "<group>"; };
		9720A23123F0901600D116A2 /* UserInfoTableViewCell.swift */ = {isa = PBXFileReference; lastKnownFileType = sourcecode.swift; path = UserInfoTableViewCell.swift; sourceTree = "<group>"; };
		9720A23223F0901600D116A2 /* UserInfoTableViewCell.xib */ = {isa = PBXFileReference; lastKnownFileType = file.xib; path = UserInfoTableViewCell.xib; sourceTree = "<group>"; };
		9720A23623F0907D00D116A2 /* RealmModel.swift */ = {isa = PBXFileReference; lastKnownFileType = sourcecode.swift; path = RealmModel.swift; sourceTree = "<group>"; };
		9720A23823F0908600D116A2 /* RealmService.swift */ = {isa = PBXFileReference; lastKnownFileType = sourcecode.swift; path = RealmService.swift; sourceTree = "<group>"; };
		9720A23A23F0909200D116A2 /* DefaultsUserList.swift */ = {isa = PBXFileReference; lastKnownFileType = sourcecode.swift; path = DefaultsUserList.swift; sourceTree = "<group>"; };
		97E535F123F0A3F20079CBD1 /* Class+Extension.swift */ = {isa = PBXFileReference; lastKnownFileType = sourcecode.swift; path = "Class+Extension.swift"; sourceTree = "<group>"; };
		E842870F9E68354E23069411 /* Pods_RealmIOS.framework */ = {isa = PBXFileReference; explicitFileType = wrapper.framework; includeInIndex = 0; path = Pods_RealmIOS.framework; sourceTree = BUILT_PRODUCTS_DIR; };
/* End PBXFileReference section */

/* Begin PBXFrameworksBuildPhase section */
		9720A1F723F08D2700D116A2 /* Frameworks */ = {
			isa = PBXFrameworksBuildPhase;
			buildActionMask = 2147483647;
			files = (
				4E2C96D792013D1259B8D8D4 /* Pods_RealmIOS.framework in Frameworks */,
			);
			runOnlyForDeploymentPostprocessing = 0;
		};
/* End PBXFrameworksBuildPhase section */

/* Begin PBXGroup section */
		88E1CC9A00B7FE7446B04BB0 /* Pods */ = {
			isa = PBXGroup;
			children = (
				2A4447625BE3EE4802AC2CB5 /* Pods-RealmIOS.debug.xcconfig */,
				69A826B13868F6EDBCF24738 /* Pods-RealmIOS.release.xcconfig */,
			);
			path = Pods;
			sourceTree = "<group>";
		};
		9720A1F123F08D2700D116A2 = {
			isa = PBXGroup;
			children = (
				9720A1FC23F08D2700D116A2 /* RealmIOS */,
				9720A1FB23F08D2700D116A2 /* Products */,
				88E1CC9A00B7FE7446B04BB0 /* Pods */,
				FCEEB8571EDDB08D9F0198B2 /* Frameworks */,
			);
			sourceTree = "<group>";
		};
		9720A1FB23F08D2700D116A2 /* Products */ = {
			isa = PBXGroup;
			children = (
				9720A1FA23F08D2700D116A2 /* RealmIOS.app */,
			);
			name = Products;
			sourceTree = "<group>";
		};
		9720A1FC23F08D2700D116A2 /* RealmIOS */ = {
			isa = PBXGroup;
			children = (
				9720A1FD23F08D2700D116A2 /* AppDelegate.swift */,
				9720A1FF23F08D2700D116A2 /* SceneDelegate.swift */,
				9720A23C23F090B900D116A2 /* Service+Model */,
				9720A23D23F090C700D116A2 /* DefaultUserList */,
				9720A21523F08EC300D116A2 /* Select */,
				9720A22223F08F4F00D116A2 /* AddUser */,
				9720A22923F08F8100D116A2 /* UserList */,
				9720A23523F0901900D116A2 /* UserInfoCell */,
				9720A20323F08D2700D116A2 /* Main.storyboard */,
				97E535F323F0A3F70079CBD1 /* Class+Extension */,
				9720A20623F08D2700D116A2 /* Assets.xcassets */,
				9720A20823F08D2700D116A2 /* LaunchScreen.storyboard */,
				9720A20B23F08D2700D116A2 /* Info.plist */,
			);
			path = RealmIOS;
			sourceTree = "<group>";
		};
		9720A21523F08EC300D116A2 /* Select */ = {
			isa = PBXGroup;
			children = (
				9720A21123F08EAC00D116A2 /* SelectViewController.swift */,
				9720A21323F08EBB00D116A2 /* SelectViewController+Extension.swift */,
			);
			path = Select;
			sourceTree = "<group>";
		};
		9720A22223F08F4F00D116A2 /* AddUser */ = {
			isa = PBXGroup;
			children = (
				9720A21E23F08F3D00D116A2 /* AddUserViewController.swift */,
				9720A22023F08F4A00D116A2 /* AddUserViewController+Extension.swift */,
			);
			path = AddUser;
			sourceTree = "<group>";
		};
		9720A22923F08F8100D116A2 /* UserList */ = {
			isa = PBXGroup;
			children = (
				9720A22323F08F6100D116A2 /* UserListViewController.swift */,
				9720A22523F08F6E00D116A2 /* UserListViewController+TableView.swift */,
				9720A22723F08F7A00D116A2 /* UserListViewController+Extension.swift */,
			);
			path = UserList;
			sourceTree = "<group>";
		};
		9720A23523F0901900D116A2 /* UserInfoCell */ = {
			isa = PBXGroup;
			children = (
				9720A23123F0901600D116A2 /* UserInfoTableViewCell.swift */,
				9720A23223F0901600D116A2 /* UserInfoTableViewCell.xib */,
			);
			path = UserInfoCell;
			sourceTree = "<group>";
		};
		9720A23C23F090B900D116A2 /* Service+Model */ = {
			isa = PBXGroup;
			children = (
				9720A23623F0907D00D116A2 /* RealmModel.swift */,
				9720A23823F0908600D116A2 /* RealmService.swift */,
			);
			path = "Service+Model";
			sourceTree = "<group>";
		};
		9720A23D23F090C700D116A2 /* DefaultUserList */ = {
			isa = PBXGroup;
			children = (
				9720A23A23F0909200D116A2 /* DefaultsUserList.swift */,
			);
			path = DefaultUserList;
			sourceTree = "<group>";
		};
		97E535F323F0A3F70079CBD1 /* Class+Extension */ = {
			isa = PBXGroup;
			children = (
				97E535F123F0A3F20079CBD1 /* Class+Extension.swift */,
			);
			path = "Class+Extension";
			sourceTree = "<group>";
		};
		FCEEB8571EDDB08D9F0198B2 /* Frameworks */ = {
			isa = PBXGroup;
			children = (
				E842870F9E68354E23069411 /* Pods_RealmIOS.framework */,
			);
			name = Frameworks;
			sourceTree = "<group>";
		};
/* End PBXGroup section */

/* Begin PBXNativeTarget section */
		9720A1F923F08D2700D116A2 /* RealmIOS */ = {
			isa = PBXNativeTarget;
			buildConfigurationList = 9720A20E23F08D2700D116A2 /* Build configuration list for PBXNativeTarget "RealmIOS" */;
			buildPhases = (
				4B8481F6DDB87D972285CC6F /* [CP] Check Pods Manifest.lock */,
				9720A1F623F08D2700D116A2 /* Sources */,
				9720A1F723F08D2700D116A2 /* Frameworks */,
				9720A1F823F08D2700D116A2 /* Resources */,
				847A654D6878EA31E17A510E /* [CP] Embed Pods Frameworks */,
			);
			buildRules = (
			);
			dependencies = (
			);
			name = RealmIOS;
			productName = RealmIOS;
			productReference = 9720A1FA23F08D2700D116A2 /* RealmIOS.app */;
			productType = "com.apple.product-type.application";
		};
/* End PBXNativeTarget section */

/* Begin PBXProject section */
		9720A1F223F08D2700D116A2 /* Project object */ = {
			isa = PBXProject;
			attributes = {
				LastSwiftUpdateCheck = 1130;
				LastUpgradeCheck = 1130;
				ORGANIZATIONNAME = "alexey sorochan";
				TargetAttributes = {
					9720A1F923F08D2700D116A2 = {
						CreatedOnToolsVersion = 11.3.1;
					};
				};
			};
			buildConfigurationList = 9720A1F523F08D2700D116A2 /* Build configuration list for PBXProject "RealmIOS" */;
			compatibilityVersion = "Xcode 9.3";
			developmentRegion = en;
			hasScannedForEncodings = 0;
			knownRegions = (
				en,
				Base,
			);
			mainGroup = 9720A1F123F08D2700D116A2;
			productRefGroup = 9720A1FB23F08D2700D116A2 /* Products */;
			projectDirPath = "";
			projectRoot = "";
			targets = (
				9720A1F923F08D2700D116A2 /* RealmIOS */,
			);
		};
/* End PBXProject section */

/* Begin PBXResourcesBuildPhase section */
		9720A1F823F08D2700D116A2 /* Resources */ = {
			isa = PBXResourcesBuildPhase;
			buildActionMask = 2147483647;
			files = (
				9720A23423F0901600D116A2 /* UserInfoTableViewCell.xib in Resources */,
				9720A20A23F08D2700D116A2 /* LaunchScreen.storyboard in Resources */,
				9720A20723F08D2700D116A2 /* Assets.xcassets in Resources */,
				9720A20523F08D2700D116A2 /* Main.storyboard in Resources */,
			);
			runOnlyForDeploymentPostprocessing = 0;
		};
/* End PBXResourcesBuildPhase section */

/* Begin PBXShellScriptBuildPhase section */
		4B8481F6DDB87D972285CC6F /* [CP] Check Pods Manifest.lock */ = {
			isa = PBXShellScriptBuildPhase;
			buildActionMask = 2147483647;
			files = (
			);
			inputFileListPaths = (
			);
			inputPaths = (
				"${PODS_PODFILE_DIR_PATH}/Podfile.lock",
				"${PODS_ROOT}/Manifest.lock",
			);
			name = "[CP] Check Pods Manifest.lock";
			outputFileListPaths = (
			);
			outputPaths = (
				"$(DERIVED_FILE_DIR)/Pods-RealmIOS-checkManifestLockResult.txt",
			);
			runOnlyForDeploymentPostprocessing = 0;
			shellPath = /bin/sh;
			shellScript = "diff \"${PODS_PODFILE_DIR_PATH}/Podfile.lock\" \"${PODS_ROOT}/Manifest.lock\" > /dev/null\nif [ $? != 0 ] ; then\n    # print error to STDERR\n    echo \"error: The sandbox is not in sync with the Podfile.lock. Run 'pod install' or update your CocoaPods installation.\" >&2\n    exit 1\nfi\n# This output is used by Xcode 'outputs' to avoid re-running this script phase.\necho \"SUCCESS\" > \"${SCRIPT_OUTPUT_FILE_0}\"\n";
			showEnvVarsInLog = 0;
		};
		847A654D6878EA31E17A510E /* [CP] Embed Pods Frameworks */ = {
			isa = PBXShellScriptBuildPhase;
			buildActionMask = 2147483647;
			files = (
			);
			inputFileListPaths = (
				"${PODS_ROOT}/Target Support Files/Pods-RealmIOS/Pods-RealmIOS-frameworks-${CONFIGURATION}-input-files.xcfilelist",
			);
			name = "[CP] Embed Pods Frameworks";
			outputFileListPaths = (
				"${PODS_ROOT}/Target Support Files/Pods-RealmIOS/Pods-RealmIOS-frameworks-${CONFIGURATION}-output-files.xcfilelist",
			);
			runOnlyForDeploymentPostprocessing = 0;
			shellPath = /bin/sh;
			shellScript = "\"${PODS_ROOT}/Target Support Files/Pods-RealmIOS/Pods-RealmIOS-frameworks.sh\"\n";
			showEnvVarsInLog = 0;
		};
/* End PBXShellScriptBuildPhase section */

/* Begin PBXSourcesBuildPhase section */
		9720A1F623F08D2700D116A2 /* Sources */ = {
			isa = PBXSourcesBuildPhase;
			buildActionMask = 2147483647;
			files = (
				9720A22423F08F6100D116A2 /* UserListViewController.swift in Sources */,
				9720A23723F0907D00D116A2 /* RealmModel.swift in Sources */,
				9720A22623F08F6E00D116A2 /* UserListViewController+TableView.swift in Sources */,
				9720A21F23F08F3D00D116A2 /* AddUserViewController.swift in Sources */,
				97E535F223F0A3F20079CBD1 /* Class+Extension.swift in Sources */,
				9720A23B23F0909200D116A2 /* DefaultsUserList.swift in Sources */,
				9720A23923F0908600D116A2 /* RealmService.swift in Sources */,
				9720A1FE23F08D2700D116A2 /* AppDelegate.swift in Sources */,
				9720A21223F08EAC00D116A2 /* SelectViewController.swift in Sources */,
				9720A22123F08F4A00D116A2 /* AddUserViewController+Extension.swift in Sources */,
				9720A23323F0901600D116A2 /* UserInfoTableViewCell.swift in Sources */,
				9720A22823F08F7A00D116A2 /* UserListViewController+Extension.swift in Sources */,
				9720A21423F08EBB00D116A2 /* SelectViewController+Extension.swift in Sources */,
				9720A20023F08D2700D116A2 /* SceneDelegate.swift in Sources */,
			);
			runOnlyForDeploymentPostprocessing = 0;
		};
/* End PBXSourcesBuildPhase section */

/* Begin PBXVariantGroup section */
		9720A20323F08D2700D116A2 /* Main.storyboard */ = {
			isa = PBXVariantGroup;
			children = (
				9720A20423F08D2700D116A2 /* Base */,
			);
			name = Main.storyboard;
			sourceTree = "<group>";
		};
		9720A20823F08D2700D116A2 /* LaunchScreen.storyboard */ = {
			isa = PBXVariantGroup;
			children = (
				9720A20923F08D2700D116A2 /* Base */,
			);
			name = LaunchScreen.storyboard;
			sourceTree = "<group>";
		};
/* End PBXVariantGroup section */

/* Begin XCBuildConfiguration section */
		9720A20C23F08D2700D116A2 /* Debug */ = {
			isa = XCBuildConfiguration;
			buildSettings = {
				ALWAYS_SEARCH_USER_PATHS = NO;
				CLANG_ANALYZER_NONNULL = YES;
				CLANG_ANALYZER_NUMBER_OBJECT_CONVERSION = YES_AGGRESSIVE;
				CLANG_CXX_LANGUAGE_STANDARD = "gnu++14";
				CLANG_CXX_LIBRARY = "libc++";
				CLANG_ENABLE_MODULES = YES;
				CLANG_ENABLE_OBJC_ARC = YES;
				CLANG_ENABLE_OBJC_WEAK = YES;
				CLANG_WARN_BLOCK_CAPTURE_AUTORELEASING = YES;
				CLANG_WARN_BOOL_CONVERSION = YES;
				CLANG_WARN_COMMA = YES;
				CLANG_WARN_CONSTANT_CONVERSION = YES;
				CLANG_WARN_DEPRECATED_OBJC_IMPLEMENTATIONS = YES;
				CLANG_WARN_DIRECT_OBJC_ISA_USAGE = YES_ERROR;
				CLANG_WARN_DOCUMENTATION_COMMENTS = YES;
				CLANG_WARN_EMPTY_BODY = YES;
				CLANG_WARN_ENUM_CONVERSION = YES;
				CLANG_WARN_INFINITE_RECURSION = YES;
				CLANG_WARN_INT_CONVERSION = YES;
				CLANG_WARN_NON_LITERAL_NULL_CONVERSION = YES;
				CLANG_WARN_OBJC_IMPLICIT_RETAIN_SELF = YES;
				CLANG_WARN_OBJC_LITERAL_CONVERSION = YES;
				CLANG_WARN_OBJC_ROOT_CLASS = YES_ERROR;
				CLANG_WARN_RANGE_LOOP_ANALYSIS = YES;
				CLANG_WARN_STRICT_PROTOTYPES = YES;
				CLANG_WARN_SUSPICIOUS_MOVE = YES;
				CLANG_WARN_UNGUARDED_AVAILABILITY = YES_AGGRESSIVE;
				CLANG_WARN_UNREACHABLE_CODE = YES;
				CLANG_WARN__DUPLICATE_METHOD_MATCH = YES;
				COPY_PHASE_STRIP = NO;
				DEBUG_INFORMATION_FORMAT = dwarf;
				ENABLE_STRICT_OBJC_MSGSEND = YES;
				ENABLE_TESTABILITY = YES;
				GCC_C_LANGUAGE_STANDARD = gnu11;
				GCC_DYNAMIC_NO_PIC = NO;
				GCC_NO_COMMON_BLOCKS = YES;
				GCC_OPTIMIZATION_LEVEL = 0;
				GCC_PREPROCESSOR_DEFINITIONS = (
					"DEBUG=1",
					"$(inherited)",
				);
				GCC_WARN_64_TO_32_BIT_CONVERSION = YES;
				GCC_WARN_ABOUT_RETURN_TYPE = YES_ERROR;
				GCC_WARN_UNDECLARED_SELECTOR = YES;
				GCC_WARN_UNINITIALIZED_AUTOS = YES_AGGRESSIVE;
				GCC_WARN_UNUSED_FUNCTION = YES;
				GCC_WARN_UNUSED_VARIABLE = YES;
				IPHONEOS_DEPLOYMENT_TARGET = 13.2;
				MTL_ENABLE_DEBUG_INFO = INCLUDE_SOURCE;
				MTL_FAST_MATH = YES;
				ONLY_ACTIVE_ARCH = YES;
				SDKROOT = iphoneos;
				SWIFT_ACTIVE_COMPILATION_CONDITIONS = DEBUG;
				SWIFT_OPTIMIZATION_LEVEL = "-Onone";
			};
			name = Debug;
		};
		9720A20D23F08D2700D116A2 /* Release */ = {
			isa = XCBuildConfiguration;
			buildSettings = {
				ALWAYS_SEARCH_USER_PATHS = NO;
				CLANG_ANALYZER_NONNULL = YES;
				CLANG_ANALYZER_NUMBER_OBJECT_CONVERSION = YES_AGGRESSIVE;
				CLANG_CXX_LANGUAGE_STANDARD = "gnu++14";
				CLANG_CXX_LIBRARY = "libc++";
				CLANG_ENABLE_MODULES = YES;
				CLANG_ENABLE_OBJC_ARC = YES;
				CLANG_ENABLE_OBJC_WEAK = YES;
				CLANG_WARN_BLOCK_CAPTURE_AUTORELEASING = YES;
				CLANG_WARN_BOOL_CONVERSION = YES;
				CLANG_WARN_COMMA = YES;
				CLANG_WARN_CONSTANT_CONVERSION = YES;
				CLANG_WARN_DEPRECATED_OBJC_IMPLEMENTATIONS = YES;
				CLANG_WARN_DIRECT_OBJC_ISA_USAGE = YES_ERROR;
				CLANG_WARN_DOCUMENTATION_COMMENTS = YES;
				CLANG_WARN_EMPTY_BODY = YES;
				CLANG_WARN_ENUM_CONVERSION = YES;
				CLANG_WARN_INFINITE_RECURSION = YES;
				CLANG_WARN_INT_CONVERSION = YES;
				CLANG_WARN_NON_LITERAL_NULL_CONVERSION = YES;
				CLANG_WARN_OBJC_IMPLICIT_RETAIN_SELF = YES;
				CLANG_WARN_OBJC_LITERAL_CONVERSION = YES;
				CLANG_WARN_OBJC_ROOT_CLASS = YES_ERROR;
				CLANG_WARN_RANGE_LOOP_ANALYSIS = YES;
				CLANG_WARN_STRICT_PROTOTYPES = YES;
				CLANG_WARN_SUSPICIOUS_MOVE = YES;
				CLANG_WARN_UNGUARDED_AVAILABILITY = YES_AGGRESSIVE;
				CLANG_WARN_UNREACHABLE_CODE = YES;
				CLANG_WARN__DUPLICATE_METHOD_MATCH = YES;
				COPY_PHASE_STRIP = NO;
				DEBUG_INFORMATION_FORMAT = "dwarf-with-dsym";
				ENABLE_NS_ASSERTIONS = NO;
				ENABLE_STRICT_OBJC_MSGSEND = YES;
				GCC_C_LANGUAGE_STANDARD = gnu11;
				GCC_NO_COMMON_BLOCKS = YES;
				GCC_WARN_64_TO_32_BIT_CONVERSION = YES;
				GCC_WARN_ABOUT_RETURN_TYPE = YES_ERROR;
				GCC_WARN_UNDECLARED_SELECTOR = YES;
				GCC_WARN_UNINITIALIZED_AUTOS = YES_AGGRESSIVE;
				GCC_WARN_UNUSED_FUNCTION = YES;
				GCC_WARN_UNUSED_VARIABLE = YES;
				IPHONEOS_DEPLOYMENT_TARGET = 13.2;
				MTL_ENABLE_DEBUG_INFO = NO;
				MTL_FAST_MATH = YES;
				SDKROOT = iphoneos;
				SWIFT_COMPILATION_MODE = wholemodule;
				SWIFT_OPTIMIZATION_LEVEL = "-O";
				VALIDATE_PRODUCT = YES;
			};
			name = Release;
		};
		9720A20F23F08D2700D116A2 /* Debug */ = {
			isa = XCBuildConfiguration;
			baseConfigurationReference = 2A4447625BE3EE4802AC2CB5 /* Pods-RealmIOS.debug.xcconfig */;
			buildSettings = {
				ASSETCATALOG_COMPILER_APPICON_NAME = AppIcon;
				CODE_SIGN_STYLE = Automatic;
				DEVELOPMENT_TEAM = NWX6LJCJ67;
				INFOPLIST_FILE = RealmIOS/Info.plist;
				LD_RUNPATH_SEARCH_PATHS = (
					"$(inherited)",
					"@executable_path/Frameworks",
				);
				PRODUCT_BUNDLE_IDENTIFIER = "alexey-sorochan.RealmIOS";
				PRODUCT_NAME = "$(TARGET_NAME)";
				SWIFT_VERSION = 5.0;
				TARGETED_DEVICE_FAMILY = "1,2";
			};
			name = Debug;
		};
		9720A21023F08D2700D116A2 /* Release */ = {
			isa = XCBuildConfiguration;
			baseConfigurationReference = 69A826B13868F6EDBCF24738 /* Pods-RealmIOS.release.xcconfig */;
			buildSettings = {
				ASSETCATALOG_COMPILER_APPICON_NAME = AppIcon;
				CODE_SIGN_STYLE = Automatic;
				DEVELOPMENT_TEAM = NWX6LJCJ67;
				INFOPLIST_FILE = RealmIOS/Info.plist;
				LD_RUNPATH_SEARCH_PATHS = (
					"$(inherited)",
					"@executable_path/Frameworks",
				);
				PRODUCT_BUNDLE_IDENTIFIER = "alexey-sorochan.RealmIOS";
				PRODUCT_NAME = "$(TARGET_NAME)";
				SWIFT_VERSION = 5.0;
				TARGETED_DEVICE_FAMILY = "1,2";
			};
			name = Release;
		};
/* End XCBuildConfiguration section */

/* Begin XCConfigurationList section */
		9720A1F523F08D2700D116A2 /* Build configuration list for PBXProject "RealmIOS" */ = {
			isa = XCConfigurationList;
			buildConfigurations = (
				9720A20C23F08D2700D116A2 /* Debug */,
				9720A20D23F08D2700D116A2 /* Release */,
			);
			defaultConfigurationIsVisible = 0;
			defaultConfigurationName = Release;
		};
		9720A20E23F08D2700D116A2 /* Build configuration list for PBXNativeTarget "RealmIOS" */ = {
			isa = XCConfigurationList;
			buildConfigurations = (
				9720A20F23F08D2700D116A2 /* Debug */,
				9720A21023F08D2700D116A2 /* Release */,
			);
			defaultConfigurationIsVisible = 0;
			defaultConfigurationName = Release;
		};
/* End XCConfigurationList section */
	};
	rootObject = 9720A1F223F08D2700D116A2 /* Project object */;
}
